
Microsoft Visual Studio Solution File, Format Version 12.00
# Visual Studio Version 17
VisualStudioVersion = 17.11.35327.3
MinimumVisualStudioVersion = 10.0.40219.1
Project("{2150E333-8FDC-42A3-9474-1A3956D46DE8}") = "src", "src", "{B2319480-04CC-450B-9995-8E255223F7D3}"
EndProject
Project("{2150E333-8FDC-42A3-9474-1A3956D46DE8}") = "Solution Items", "Solution Items", "{9D8E5F3C-400D-4A8D-93BB-128DB289DB86}"
	ProjectSection(SolutionItems) = preProject
		ServiceUrls.txt = ServiceUrls.txt
	EndProjectSection
EndProject
Project("{2150E333-8FDC-42A3-9474-1A3956D46DE8}") = "ApiGateways", "ApiGateways", "{484BA284-E6A9-46C8-A38F-5CAB6CAB883D}"
EndProject
Project("{2150E333-8FDC-42A3-9474-1A3956D46DE8}") = "BuildingBlocks", "BuildingBlocks", "{45CDD716-4756-4F00-81A0-69CC60917FE6}"
EndProject
Project("{2150E333-8FDC-42A3-9474-1A3956D46DE8}") = "Services", "Services", "{92F50D02-DE35-4D34-BB2C-FE1701774346}"
EndProject
Project("{2150E333-8FDC-42A3-9474-1A3956D46DE8}") = "Clients", "Clients", "{F1E52DA6-852F-4164-A8DE-763072BB16CB}"
EndProject
Project("{2150E333-8FDC-42A3-9474-1A3956D46DE8}") = "WebApiGateway", "WebApiGateway", "{25F297A5-9049-4CF0-AA04-94C15FF0351F}"
EndProject
Project("{9A19103F-16F7-4668-BE54-9A1E7A4F7556}") = "Web.ApiGateway", "src\ApiGateways\WebApiGateway\Web.ApiGateway\Web.ApiGateway.csproj", "{499A4E23-D45D-4AD2-B2A3-7538DEB4306E}"
EndProject
Project("{2150E333-8FDC-42A3-9474-1A3956D46DE8}") = "EventBus", "EventBus", "{42765481-0F32-4940-8CB7-3E94BEC41631}"
EndProject
Project("{9A19103F-16F7-4668-BE54-9A1E7A4F7556}") = "EventBus.Factory", "src\BuildingBlocks\EventBus\EventBus.Factory\EventBus.Factory.csproj", "{63CC8089-0CE6-489F-951A-4AB69483DC52}"
EndProject
Project("{9A19103F-16F7-4668-BE54-9A1E7A4F7556}") = "EventBus.Base", "src\BuildingBlocks\EventBus\EventBus.Base\EventBus.Base.csproj", "{D1FCB25B-C441-4747-A028-237B2A04A51B}"
EndProject
Project("{9A19103F-16F7-4668-BE54-9A1E7A4F7556}") = "EventBus.AzureServiceBus", "src\BuildingBlocks\EventBus\EventBus.AzureServiceBus\EventBus.AzureServiceBus.csproj", "{1D4CC3C1-943C-497D-AD2D-457359E5DDE9}"
EndProject
Project("{9A19103F-16F7-4668-BE54-9A1E7A4F7556}") = "EventBus.RabbitMQ", "src\BuildingBlocks\EventBus\EventBus.RabbitMQ\EventBus.RabbitMQ.csproj", "{97BBB187-E228-4882-9FCC-FFCC6C68AFE9}"
EndProject
Project("{2150E333-8FDC-42A3-9474-1A3956D46DE8}") = "BlazorWebApp", "BlazorWebApp", "{41237DE7-D228-480E-98FF-52822D7AEED9}"
EndProject
Project("{9A19103F-16F7-4668-BE54-9A1E7A4F7556}") = "WebApp", "src\Clients\BlazorWebApp\WebApp\WebApp.csproj", "{11F98E79-FA67-4DA6-AEE4-061BDA80C17C}"
EndProject
Project("{9A19103F-16F7-4668-BE54-9A1E7A4F7556}") = "BasketService.Api", "src\Services\BasketService\BasketService.Api\BasketService.Api.csproj", "{8C760FC2-5A67-4542-8E92-7FE2BF7D0CE2}"
EndProject
Project("{2150E333-8FDC-42A3-9474-1A3956D46DE8}") = "BasketService", "BasketService", "{BCF9B239-8E11-443D-8BCB-0F246E19DC28}"
EndProject
Project("{2150E333-8FDC-42A3-9474-1A3956D46DE8}") = "CatalogService", "CatalogService", "{C34BAC25-4B4F-4617-8D5E-E2A0EB6CAC7D}"
EndProject
Project("{2150E333-8FDC-42A3-9474-1A3956D46DE8}") = "OrderService", "OrderService", "{932846F6-F093-4EF0-8E68-98AEE7E61DB7}"
EndProject
Project("{9A19103F-16F7-4668-BE54-9A1E7A4F7556}") = "OrderService", "src\Services\OrderService\OrderService\OrderService.csproj", "{BFCA1925-6E07-4450-B84F-A0762C5B8285}"
EndProject
Project("{2150E333-8FDC-42A3-9474-1A3956D46DE8}") = "IdentityService", "IdentityService", "{D7FB8CED-92F5-42A8-98A0-AA57979D2A37}"
EndProject
Project("{9A19103F-16F7-4668-BE54-9A1E7A4F7556}") = "IdentityService", "src\Services\IdentityService\IdentityService\IdentityService.csproj", "{3CF11893-777D-472B-A037-9372ECF44DC6}"
EndProject
Project("{2150E333-8FDC-42A3-9474-1A3956D46DE8}") = "NotificationService", "NotificationService", "{148840D6-6633-41EB-83F6-86B1EF34D285}"
EndProject
Project("{9A19103F-16F7-4668-BE54-9A1E7A4F7556}") = "NotificationService", "src\Services\NotificationService\NotificationService\NotificationService.csproj", "{8D42EA27-2DDA-44F2-B66D-535E037DA828}"
EndProject
Project("{2150E333-8FDC-42A3-9474-1A3956D46DE8}") = "PaymentService", "PaymentService", "{2AB7201E-4FF4-4907-BEF1-0BB59D962657}"
EndProject
Project("{9A19103F-16F7-4668-BE54-9A1E7A4F7556}") = "OrderService.Domain", "src\Services\OrderService\Domain\OrderService.Domain\OrderService.Domain.csproj", "{9DC94C91-BB9E-42E6-9042-F908FE709672}"
EndProject
Project("{9A19103F-16F7-4668-BE54-9A1E7A4F7556}") = "OrderService.Application", "src\Services\OrderService\Application\OrderService.Application\OrderService.Application.csproj", "{4711A451-F75B-4CB9-80D6-52A09EB97D0C}"
EndProject
Project("{9A19103F-16F7-4668-BE54-9A1E7A4F7556}") = "OrderService.Infrastructure", "src\Services\OrderService\Infrastructure\OrderService.Infrastructure\OrderService.Infrastructure.csproj", "{6DDC16CD-DD44-400A-A6E6-C5A1C3B39FD2}"
EndProject
Project("{2150E333-8FDC-42A3-9474-1A3956D46DE8}") = "tests", "tests", "{61EC8DE4-EB75-4B2D-BA24-FB522F13124A}"
EndProject
Project("{2150E333-8FDC-42A3-9474-1A3956D46DE8}") = "BuildingBliocks", "BuildingBliocks", "{85D1E483-45D3-46CA-A550-EF71336B3B9B}"
EndProject
Project("{9A19103F-16F7-4668-BE54-9A1E7A4F7556}") = "EventBus.UnitTest", "tests\BuildingBlocks\EventBus.UnitTest\EventBus.UnitTest.csproj", "{FA6C905E-1917-4F93-9C02-7E148945A5A6}"
EndProject
Project("{FAE04EC0-301F-11D3-BF4B-00C04F79EFBC}") = "CatalogService", "src\Services\CatalogService\CatalogService\CatalogService.csproj", "{0BF267C3-6211-4DD3-B013-CC1283CA72A8}"
EndProject
Project("{FAE04EC0-301F-11D3-BF4B-00C04F79EFBC}") = "CatalogService.Infrastructure", "src\Services\CatalogService\CatalogService.Infrastructure\CatalogService.Infrastructure.csproj", "{2DAB4CDF-F838-4D1D-A1B2-E9517083DD26}"
EndProject
Project("{FAE04EC0-301F-11D3-BF4B-00C04F79EFBC}") = "PaymentService", "src\Services\PaymentService\PaymentService\PaymentService.csproj", "{404C4574-06DE-4EE8-90D3-E67865406E0F}"
EndProject
Global
	GlobalSection(SolutionConfigurationPlatforms) = preSolution
		Debug|Any CPU = Debug|Any CPU
		Release|Any CPU = Release|Any CPU
	EndGlobalSection
	GlobalSection(ProjectConfigurationPlatforms) = postSolution
		{499A4E23-D45D-4AD2-B2A3-7538DEB4306E}.Debug|Any CPU.ActiveCfg = Debug|Any CPU
		{499A4E23-D45D-4AD2-B2A3-7538DEB4306E}.Debug|Any CPU.Build.0 = Debug|Any CPU
		{499A4E23-D45D-4AD2-B2A3-7538DEB4306E}.Release|Any CPU.ActiveCfg = Release|Any CPU
		{499A4E23-D45D-4AD2-B2A3-7538DEB4306E}.Release|Any CPU.Build.0 = Release|Any CPU
		{63CC8089-0CE6-489F-951A-4AB69483DC52}.Debug|Any CPU.ActiveCfg = Debug|Any CPU
		{63CC8089-0CE6-489F-951A-4AB69483DC52}.Debug|Any CPU.Build.0 = Debug|Any CPU
		{63CC8089-0CE6-489F-951A-4AB69483DC52}.Release|Any CPU.ActiveCfg = Release|Any CPU
		{63CC8089-0CE6-489F-951A-4AB69483DC52}.Release|Any CPU.Build.0 = Release|Any CPU
		{D1FCB25B-C441-4747-A028-237B2A04A51B}.Debug|Any CPU.ActiveCfg = Debug|Any CPU
		{D1FCB25B-C441-4747-A028-237B2A04A51B}.Debug|Any CPU.Build.0 = Debug|Any CPU
		{D1FCB25B-C441-4747-A028-237B2A04A51B}.Release|Any CPU.ActiveCfg = Release|Any CPU
		{D1FCB25B-C441-4747-A028-237B2A04A51B}.Release|Any CPU.Build.0 = Release|Any CPU
		{1D4CC3C1-943C-497D-AD2D-457359E5DDE9}.Debug|Any CPU.ActiveCfg = Debug|Any CPU
		{1D4CC3C1-943C-497D-AD2D-457359E5DDE9}.Debug|Any CPU.Build.0 = Debug|Any CPU
		{1D4CC3C1-943C-497D-AD2D-457359E5DDE9}.Release|Any CPU.ActiveCfg = Release|Any CPU
		{1D4CC3C1-943C-497D-AD2D-457359E5DDE9}.Release|Any CPU.Build.0 = Release|Any CPU
		{97BBB187-E228-4882-9FCC-FFCC6C68AFE9}.Debug|Any CPU.ActiveCfg = Debug|Any CPU
		{97BBB187-E228-4882-9FCC-FFCC6C68AFE9}.Debug|Any CPU.Build.0 = Debug|Any CPU
		{97BBB187-E228-4882-9FCC-FFCC6C68AFE9}.Release|Any CPU.ActiveCfg = Release|Any CPU
		{97BBB187-E228-4882-9FCC-FFCC6C68AFE9}.Release|Any CPU.Build.0 = Release|Any CPU
		{11F98E79-FA67-4DA6-AEE4-061BDA80C17C}.Debug|Any CPU.ActiveCfg = Debug|Any CPU
		{11F98E79-FA67-4DA6-AEE4-061BDA80C17C}.Debug|Any CPU.Build.0 = Debug|Any CPU
		{11F98E79-FA67-4DA6-AEE4-061BDA80C17C}.Release|Any CPU.ActiveCfg = Release|Any CPU
		{11F98E79-FA67-4DA6-AEE4-061BDA80C17C}.Release|Any CPU.Build.0 = Release|Any CPU
		{8C760FC2-5A67-4542-8E92-7FE2BF7D0CE2}.Debug|Any CPU.ActiveCfg = Debug|Any CPU
		{8C760FC2-5A67-4542-8E92-7FE2BF7D0CE2}.Debug|Any CPU.Build.0 = Debug|Any CPU
		{8C760FC2-5A67-4542-8E92-7FE2BF7D0CE2}.Release|Any CPU.ActiveCfg = Release|Any CPU
		{8C760FC2-5A67-4542-8E92-7FE2BF7D0CE2}.Release|Any CPU.Build.0 = Release|Any CPU
		{BFCA1925-6E07-4450-B84F-A0762C5B8285}.Debug|Any CPU.ActiveCfg = Debug|Any CPU
		{BFCA1925-6E07-4450-B84F-A0762C5B8285}.Debug|Any CPU.Build.0 = Debug|Any CPU
		{BFCA1925-6E07-4450-B84F-A0762C5B8285}.Release|Any CPU.ActiveCfg = Release|Any CPU
		{BFCA1925-6E07-4450-B84F-A0762C5B8285}.Release|Any CPU.Build.0 = Release|Any CPU
		{3CF11893-777D-472B-A037-9372ECF44DC6}.Debug|Any CPU.ActiveCfg = Debug|Any CPU
		{3CF11893-777D-472B-A037-9372ECF44DC6}.Debug|Any CPU.Build.0 = Debug|Any CPU
		{3CF11893-777D-472B-A037-9372ECF44DC6}.Release|Any CPU.ActiveCfg = Release|Any CPU
		{3CF11893-777D-472B-A037-9372ECF44DC6}.Release|Any CPU.Build.0 = Release|Any CPU
		{8D42EA27-2DDA-44F2-B66D-535E037DA828}.Debug|Any CPU.ActiveCfg = Debug|Any CPU
		{8D42EA27-2DDA-44F2-B66D-535E037DA828}.Debug|Any CPU.Build.0 = Debug|Any CPU
		{8D42EA27-2DDA-44F2-B66D-535E037DA828}.Release|Any CPU.ActiveCfg = Release|Any CPU
		{8D42EA27-2DDA-44F2-B66D-535E037DA828}.Release|Any CPU.Build.0 = Release|Any CPU
		{9DC94C91-BB9E-42E6-9042-F908FE709672}.Debug|Any CPU.ActiveCfg = Debug|Any CPU
		{9DC94C91-BB9E-42E6-9042-F908FE709672}.Debug|Any CPU.Build.0 = Debug|Any CPU
		{9DC94C91-BB9E-42E6-9042-F908FE709672}.Release|Any CPU.ActiveCfg = Release|Any CPU
		{9DC94C91-BB9E-42E6-9042-F908FE709672}.Release|Any CPU.Build.0 = Release|Any CPU
		{4711A451-F75B-4CB9-80D6-52A09EB97D0C}.Debug|Any CPU.ActiveCfg = Debug|Any CPU
		{4711A451-F75B-4CB9-80D6-52A09EB97D0C}.Debug|Any CPU.Build.0 = Debug|Any CPU
		{4711A451-F75B-4CB9-80D6-52A09EB97D0C}.Release|Any CPU.ActiveCfg = Release|Any CPU
		{4711A451-F75B-4CB9-80D6-52A09EB97D0C}.Release|Any CPU.Build.0 = Release|Any CPU
		{6DDC16CD-DD44-400A-A6E6-C5A1C3B39FD2}.Debug|Any CPU.ActiveCfg = Debug|Any CPU
		{6DDC16CD-DD44-400A-A6E6-C5A1C3B39FD2}.Debug|Any CPU.Build.0 = Debug|Any CPU
		{6DDC16CD-DD44-400A-A6E6-C5A1C3B39FD2}.Release|Any CPU.ActiveCfg = Release|Any CPU
		{6DDC16CD-DD44-400A-A6E6-C5A1C3B39FD2}.Release|Any CPU.Build.0 = Release|Any CPU
		{FA6C905E-1917-4F93-9C02-7E148945A5A6}.Debug|Any CPU.ActiveCfg = Debug|Any CPU
		{FA6C905E-1917-4F93-9C02-7E148945A5A6}.Debug|Any CPU.Build.0 = Debug|Any CPU
		{FA6C905E-1917-4F93-9C02-7E148945A5A6}.Release|Any CPU.ActiveCfg = Release|Any CPU
		{FA6C905E-1917-4F93-9C02-7E148945A5A6}.Release|Any CPU.Build.0 = Release|Any CPU
		{0BF267C3-6211-4DD3-B013-CC1283CA72A8}.Debug|Any CPU.ActiveCfg = Debug|Any CPU
		{0BF267C3-6211-4DD3-B013-CC1283CA72A8}.Debug|Any CPU.Build.0 = Debug|Any CPU
		{0BF267C3-6211-4DD3-B013-CC1283CA72A8}.Release|Any CPU.ActiveCfg = Release|Any CPU
		{0BF267C3-6211-4DD3-B013-CC1283CA72A8}.Release|Any CPU.Build.0 = Release|Any CPU
		{2DAB4CDF-F838-4D1D-A1B2-E9517083DD26}.Debug|Any CPU.ActiveCfg = Debug|Any CPU
		{2DAB4CDF-F838-4D1D-A1B2-E9517083DD26}.Debug|Any CPU.Build.0 = Debug|Any CPU
		{2DAB4CDF-F838-4D1D-A1B2-E9517083DD26}.Release|Any CPU.ActiveCfg = Release|Any CPU
		{2DAB4CDF-F838-4D1D-A1B2-E9517083DD26}.Release|Any CPU.Build.0 = Release|Any CPU
		{404C4574-06DE-4EE8-90D3-E67865406E0F}.Debug|Any CPU.ActiveCfg = Debug|Any CPU
		{404C4574-06DE-4EE8-90D3-E67865406E0F}.Debug|Any CPU.Build.0 = Debug|Any CPU
		{404C4574-06DE-4EE8-90D3-E67865406E0F}.Release|Any CPU.ActiveCfg = Release|Any CPU
		{404C4574-06DE-4EE8-90D3-E67865406E0F}.Release|Any CPU.Build.0 = Release|Any CPU
	EndGlobalSection
	GlobalSection(SolutionProperties) = preSolution
		HideSolutionNode = FALSE
	EndGlobalSection
	GlobalSection(NestedProjects) = preSolution
		{484BA284-E6A9-46C8-A38F-5CAB6CAB883D} = {B2319480-04CC-450B-9995-8E255223F7D3}
		{45CDD716-4756-4F00-81A0-69CC60917FE6} = {B2319480-04CC-450B-9995-8E255223F7D3}
		{92F50D02-DE35-4D34-BB2C-FE1701774346} = {B2319480-04CC-450B-9995-8E255223F7D3}
		{F1E52DA6-852F-4164-A8DE-763072BB16CB} = {B2319480-04CC-450B-9995-8E255223F7D3}
		{25F297A5-9049-4CF0-AA04-94C15FF0351F} = {484BA284-E6A9-46C8-A38F-5CAB6CAB883D}
		{499A4E23-D45D-4AD2-B2A3-7538DEB4306E} = {25F297A5-9049-4CF0-AA04-94C15FF0351F}
		{42765481-0F32-4940-8CB7-3E94BEC41631} = {45CDD716-4756-4F00-81A0-69CC60917FE6}
		{63CC8089-0CE6-489F-951A-4AB69483DC52} = {42765481-0F32-4940-8CB7-3E94BEC41631}
		{D1FCB25B-C441-4747-A028-237B2A04A51B} = {42765481-0F32-4940-8CB7-3E94BEC41631}
		{1D4CC3C1-943C-497D-AD2D-457359E5DDE9} = {42765481-0F32-4940-8CB7-3E94BEC41631}
		{97BBB187-E228-4882-9FCC-FFCC6C68AFE9} = {42765481-0F32-4940-8CB7-3E94BEC41631}
		{41237DE7-D228-480E-98FF-52822D7AEED9} = {F1E52DA6-852F-4164-A8DE-763072BB16CB}
		{11F98E79-FA67-4DA6-AEE4-061BDA80C17C} = {41237DE7-D228-480E-98FF-52822D7AEED9}
		{8C760FC2-5A67-4542-8E92-7FE2BF7D0CE2} = {BCF9B239-8E11-443D-8BCB-0F246E19DC28}
		{BCF9B239-8E11-443D-8BCB-0F246E19DC28} = {92F50D02-DE35-4D34-BB2C-FE1701774346}
		{C34BAC25-4B4F-4617-8D5E-E2A0EB6CAC7D} = {92F50D02-DE35-4D34-BB2C-FE1701774346}
		{932846F6-F093-4EF0-8E68-98AEE7E61DB7} = {92F50D02-DE35-4D34-BB2C-FE1701774346}
		{BFCA1925-6E07-4450-B84F-A0762C5B8285} = {932846F6-F093-4EF0-8E68-98AEE7E61DB7}
		{D7FB8CED-92F5-42A8-98A0-AA57979D2A37} = {92F50D02-DE35-4D34-BB2C-FE1701774346}
		{3CF11893-777D-472B-A037-9372ECF44DC6} = {D7FB8CED-92F5-42A8-98A0-AA57979D2A37}
		{148840D6-6633-41EB-83F6-86B1EF34D285} = {92F50D02-DE35-4D34-BB2C-FE1701774346}
		{8D42EA27-2DDA-44F2-B66D-535E037DA828} = {148840D6-6633-41EB-83F6-86B1EF34D285}
		{2AB7201E-4FF4-4907-BEF1-0BB59D962657} = {92F50D02-DE35-4D34-BB2C-FE1701774346}
		{9DC94C91-BB9E-42E6-9042-F908FE709672} = {932846F6-F093-4EF0-8E68-98AEE7E61DB7}
		{4711A451-F75B-4CB9-80D6-52A09EB97D0C} = {932846F6-F093-4EF0-8E68-98AEE7E61DB7}
		{6DDC16CD-DD44-400A-A6E6-C5A1C3B39FD2} = {932846F6-F093-4EF0-8E68-98AEE7E61DB7}
		{85D1E483-45D3-46CA-A550-EF71336B3B9B} = {61EC8DE4-EB75-4B2D-BA24-FB522F13124A}
		{FA6C905E-1917-4F93-9C02-7E148945A5A6} = {85D1E483-45D3-46CA-A550-EF71336B3B9B}
		{0BF267C3-6211-4DD3-B013-CC1283CA72A8} = {C34BAC25-4B4F-4617-8D5E-E2A0EB6CAC7D}
		{2DAB4CDF-F838-4D1D-A1B2-E9517083DD26} = {C34BAC25-4B4F-4617-8D5E-E2A0EB6CAC7D}
		{404C4574-06DE-4EE8-90D3-E67865406E0F} = {2AB7201E-4FF4-4907-BEF1-0BB59D962657}
	EndGlobalSection
	GlobalSection(ExtensibilityGlobals) = postSolution
		SolutionGuid = {EE929A3A-D81C-4E6B-B3E4-DE872916A9FF}
	EndGlobalSection
EndGlobal
